
Microsoft Visual Studio Solution File, Format Version 12.00
# Visual Studio 15
VisualStudioVersion = 15.0.28010.2041
MinimumVisualStudioVersion = 10.0.40219.1
Project("{FAE04EC0-301F-11D3-BF4B-00C04F79EFBC}") = "Task1", "Task1\Task1.csproj", "{A759D7B0-2C62-4C48-BC35-32A9DE008ACA}"
EndProject
Global
	GlobalSection(SolutionConfigurationPlatforms) = preSolution
		Debug|Any CPU = Debug|Any CPU
		Release|Any CPU = Release|Any CPU
	EndGlobalSection
	GlobalSection(ProjectConfigurationPlatforms) = postSolution
		{A759D7B0-2C62-4C48-BC35-32A9DE008ACA}.Debug|Any CPU.ActiveCfg = Debug|Any CPU
		{A759D7B0-2C62-4C48-BC35-32A9DE008ACA}.Debug|Any CPU.Build.0 = Debug|Any CPU
		{A759D7B0-2C62-4C48-BC35-32A9DE008ACA}.Release|Any CPU.ActiveCfg = Release|Any CPU
		{A759D7B0-2C62-4C48-BC35-32A9DE008ACA}.Release|Any CPU.Build.0 = Release|Any CPU
	EndGlobalSection
	GlobalSection(SolutionProperties) = preSolution
		HideSolutionNode = FALSE
	EndGlobalSection
	GlobalSection(ExtensibilityGlobals) = postSolution
		SolutionGuid = {7E36AE66-C2FC-44AF-A40E-545965C12B43}
	EndGlobalSection
EndGlobal
